
Microsoft Visual Studio Solution File, Format Version 12.00
Project("{FAE04EC0-301F-11D3-BF4B-00C04F79EFBC}") = "FurnitureCompanyApp", "FurnitureCompanyApp\FurnitureCompanyApp.csproj", "{1196832B-632D-49DF-BFF8-53421880E34C}"
EndProject
Global
	GlobalSection(SolutionConfigurationPlatforms) = preSolution
		Debug|Any CPU = Debug|Any CPU
		Release|Any CPU = Release|Any CPU
	EndGlobalSection
	GlobalSection(ProjectConfigurationPlatforms) = postSolution
		{1196832B-632D-49DF-BFF8-53421880E34C}.Debug|Any CPU.ActiveCfg = Debug|Any CPU
		{1196832B-632D-49DF-BFF8-53421880E34C}.Debug|Any CPU.Build.0 = Debug|Any CPU
		{1196832B-632D-49DF-BFF8-53421880E34C}.Release|Any CPU.ActiveCfg = Release|Any CPU
		{1196832B-632D-49DF-BFF8-53421880E34C}.Release|Any CPU.Build.0 = Release|Any CPU
	EndGlobalSection
EndGlobal
